// !$*UTF8*$!
{
	archiveVersion = 1;
	classes = {
	};
	objectVersion = 46;
	objects = {

/* Begin PBXBuildFile section */
		745E36441DF65DDC00C02491 /* AppDelegate.swift in Sources */ = {isa = PBXBuildFile; fileRef = 745E36431DF65DDC00C02491 /* AppDelegate.swift */; };
		745E364B1DF65DDC00C02491 /* Main.storyboard in Resources */ = {isa = PBXBuildFile; fileRef = 745E36491DF65DDC00C02491 /* Main.storyboard */; };
		745E364D1DF65DDC00C02491 /* Assets.xcassets in Resources */ = {isa = PBXBuildFile; fileRef = 745E364C1DF65DDC00C02491 /* Assets.xcassets */; };
		745E36501DF65DDC00C02491 /* LaunchScreen.storyboard in Resources */ = {isa = PBXBuildFile; fileRef = 745E364E1DF65DDC00C02491 /* LaunchScreen.storyboard */; };
		745E365B1DF65DDC00C02491 /* ReciplyTests.swift in Sources */ = {isa = PBXBuildFile; fileRef = 745E365A1DF65DDC00C02491 /* ReciplyTests.swift */; };
		745E36661DF65DDC00C02491 /* ReciplyUITests.swift in Sources */ = {isa = PBXBuildFile; fileRef = 745E36651DF65DDC00C02491 /* ReciplyUITests.swift */; };
		745E36741DF6620600C02491 /* RecipeViewController.swift in Sources */ = {isa = PBXBuildFile; fileRef = 745E36731DF6620600C02491 /* RecipeViewController.swift */; };
		745E36761DF6621A00C02491 /* GroceryListViewController.swift in Sources */ = {isa = PBXBuildFile; fileRef = 745E36751DF6621A00C02491 /* GroceryListViewController.swift */; };
		745E36781DF6622800C02491 /* LeftoversViewController.swift in Sources */ = {isa = PBXBuildFile; fileRef = 745E36771DF6622800C02491 /* LeftoversViewController.swift */; };
		745E367A1DF6623200C02491 /* SearchViewController.swift in Sources */ = {isa = PBXBuildFile; fileRef = 745E36791DF6623200C02491 /* SearchViewController.swift */; };
/* End PBXBuildFile section */

/* Begin PBXContainerItemProxy section */
		745E36571DF65DDC00C02491 /* PBXContainerItemProxy */ = {
			isa = PBXContainerItemProxy;
			containerPortal = 745E36381DF65DDB00C02491 /* Project object */;
			proxyType = 1;
			remoteGlobalIDString = 745E363F1DF65DDB00C02491;
			remoteInfo = Reciply;
		};
		745E36621DF65DDC00C02491 /* PBXContainerItemProxy */ = {
			isa = PBXContainerItemProxy;
			containerPortal = 745E36381DF65DDB00C02491 /* Project object */;
			proxyType = 1;
			remoteGlobalIDString = 745E363F1DF65DDB00C02491;
			remoteInfo = Reciply;
		};
/* End PBXContainerItemProxy section */

/* Begin PBXFileReference section */
		745E36401DF65DDC00C02491 /* Reciply.app */ = {isa = PBXFileReference; explicitFileType = wrapper.application; includeInIndex = 0; path = Reciply.app; sourceTree = BUILT_PRODUCTS_DIR; };
		745E36431DF65DDC00C02491 /* AppDelegate.swift */ = {isa = PBXFileReference; lastKnownFileType = sourcecode.swift; path = AppDelegate.swift; sourceTree = "<group>"; };
		745E364A1DF65DDC00C02491 /* Base */ = {isa = PBXFileReference; lastKnownFileType = file.storyboard; name = Base; path = Base.lproj/Main.storyboard; sourceTree = "<group>"; };
		745E364C1DF65DDC00C02491 /* Assets.xcassets */ = {isa = PBXFileReference; lastKnownFileType = folder.assetcatalog; path = Assets.xcassets; sourceTree = "<group>"; };
		745E364F1DF65DDC00C02491 /* Base */ = {isa = PBXFileReference; lastKnownFileType = file.storyboard; name = Base; path = Base.lproj/LaunchScreen.storyboard; sourceTree = "<group>"; };
		745E36511DF65DDC00C02491 /* Info.plist */ = {isa = PBXFileReference; lastKnownFileType = text.plist.xml; path = Info.plist; sourceTree = "<group>"; };
		745E36561DF65DDC00C02491 /* ReciplyTests.xctest */ = {isa = PBXFileReference; explicitFileType = wrapper.cfbundle; includeInIndex = 0; path = ReciplyTests.xctest; sourceTree = BUILT_PRODUCTS_DIR; };
		745E365A1DF65DDC00C02491 /* ReciplyTests.swift */ = {isa = PBXFileReference; lastKnownFileType = sourcecode.swift; path = ReciplyTests.swift; sourceTree = "<group>"; };
		745E365C1DF65DDC00C02491 /* Info.plist */ = {isa = PBXFileReference; lastKnownFileType = text.plist.xml; path = Info.plist; sourceTree = "<group>"; };
		745E36611DF65DDC00C02491 /* ReciplyUITests.xctest */ = {isa = PBXFileReference; explicitFileType = wrapper.cfbundle; includeInIndex = 0; path = ReciplyUITests.xctest; sourceTree = BUILT_PRODUCTS_DIR; };
		745E36651DF65DDC00C02491 /* ReciplyUITests.swift */ = {isa = PBXFileReference; lastKnownFileType = sourcecode.swift; path = ReciplyUITests.swift; sourceTree = "<group>"; };
		745E36671DF65DDC00C02491 /* Info.plist */ = {isa = PBXFileReference; lastKnownFileType = text.plist.xml; path = Info.plist; sourceTree = "<group>"; };
		745E36731DF6620600C02491 /* RecipeViewController.swift */ = {isa = PBXFileReference; fileEncoding = 4; lastKnownFileType = sourcecode.swift; path = RecipeViewController.swift; sourceTree = "<group>"; };
		745E36751DF6621A00C02491 /* GroceryListViewController.swift */ = {isa = PBXFileReference; fileEncoding = 4; lastKnownFileType = sourcecode.swift; path = GroceryListViewController.swift; sourceTree = "<group>"; };
		745E36771DF6622800C02491 /* LeftoversViewController.swift */ = {isa = PBXFileReference; fileEncoding = 4; lastKnownFileType = sourcecode.swift; path = LeftoversViewController.swift; sourceTree = "<group>"; };
		745E36791DF6623200C02491 /* SearchViewController.swift */ = {isa = PBXFileReference; fileEncoding = 4; lastKnownFileType = sourcecode.swift; path = SearchViewController.swift; sourceTree = "<group>"; };
/* End PBXFileReference section */

/* Begin PBXFrameworksBuildPhase section */
		745E363D1DF65DDB00C02491 /* Frameworks */ = {
			isa = PBXFrameworksBuildPhase;
			buildActionMask = 2147483647;
			files = (
			);
			runOnlyForDeploymentPostprocessing = 0;
		};
		745E36531DF65DDC00C02491 /* Frameworks */ = {
			isa = PBXFrameworksBuildPhase;
			buildActionMask = 2147483647;
			files = (
			);
			runOnlyForDeploymentPostprocessing = 0;
		};
		745E365E1DF65DDC00C02491 /* Frameworks */ = {
			isa = PBXFrameworksBuildPhase;
			buildActionMask = 2147483647;
			files = (
			);
			runOnlyForDeploymentPostprocessing = 0;
		};
/* End PBXFrameworksBuildPhase section */

/* Begin PBXGroup section */
		745E36371DF65DDB00C02491 = {
			isa = PBXGroup;
			children = (
				745E36421DF65DDC00C02491 /* Reciply */,
				745E36591DF65DDC00C02491 /* ReciplyTests */,
				745E36641DF65DDC00C02491 /* ReciplyUITests */,
				745E36411DF65DDC00C02491 /* Products */,
			);
			sourceTree = "<group>";
		};
		745E36411DF65DDC00C02491 /* Products */ = {
			isa = PBXGroup;
			children = (
				745E36401DF65DDC00C02491 /* Reciply.app */,
				745E36561DF65DDC00C02491 /* ReciplyTests.xctest */,
				745E36611DF65DDC00C02491 /* ReciplyUITests.xctest */,
			);
			name = Products;
			sourceTree = "<group>";
		};
		745E36421DF65DDC00C02491 /* Reciply */ = {
			isa = PBXGroup;
			children = (
				745E36431DF65DDC00C02491 /* AppDelegate.swift */,
				745E36731DF6620600C02491 /* RecipeViewController.swift */,
				745E36751DF6621A00C02491 /* GroceryListViewController.swift */,
				745E36771DF6622800C02491 /* LeftoversViewController.swift */,
				745E36791DF6623200C02491 /* SearchViewController.swift */,
				745E36491DF65DDC00C02491 /* Main.storyboard */,
				745E364C1DF65DDC00C02491 /* Assets.xcassets */,
				745E364E1DF65DDC00C02491 /* LaunchScreen.storyboard */,
				745E36511DF65DDC00C02491 /* Info.plist */,
			);
			path = Reciply;
			sourceTree = "<group>";
		};
		745E36591DF65DDC00C02491 /* ReciplyTests */ = {
			isa = PBXGroup;
			children = (
				745E365A1DF65DDC00C02491 /* ReciplyTests.swift */,
				745E365C1DF65DDC00C02491 /* Info.plist */,
			);
			path = ReciplyTests;
			sourceTree = "<group>";
		};
		745E36641DF65DDC00C02491 /* ReciplyUITests */ = {
			isa = PBXGroup;
			children = (
				745E36651DF65DDC00C02491 /* ReciplyUITests.swift */,
				745E36671DF65DDC00C02491 /* Info.plist */,
			);
			path = ReciplyUITests;
			sourceTree = "<group>";
		};
/* End PBXGroup section */

/* Begin PBXNativeTarget section */
		745E363F1DF65DDB00C02491 /* Reciply */ = {
			isa = PBXNativeTarget;
			buildConfigurationList = 745E366A1DF65DDC00C02491 /* Build configuration list for PBXNativeTarget "Reciply" */;
			buildPhases = (
				745E363C1DF65DDB00C02491 /* Sources */,
				745E363D1DF65DDB00C02491 /* Frameworks */,
				745E363E1DF65DDB00C02491 /* Resources */,
			);
			buildRules = (
			);
			dependencies = (
			);
			name = Reciply;
			productName = Reciply;
			productReference = 745E36401DF65DDC00C02491 /* Reciply.app */;
			productType = "com.apple.product-type.application";
		};
		745E36551DF65DDC00C02491 /* ReciplyTests */ = {
			isa = PBXNativeTarget;
			buildConfigurationList = 745E366D1DF65DDC00C02491 /* Build configuration list for PBXNativeTarget "ReciplyTests" */;
			buildPhases = (
				745E36521DF65DDC00C02491 /* Sources */,
				745E36531DF65DDC00C02491 /* Frameworks */,
				745E36541DF65DDC00C02491 /* Resources */,
			);
			buildRules = (
			);
			dependencies = (
				745E36581DF65DDC00C02491 /* PBXTargetDependency */,
			);
			name = ReciplyTests;
			productName = ReciplyTests;
			productReference = 745E36561DF65DDC00C02491 /* ReciplyTests.xctest */;
			productType = "com.apple.product-type.bundle.unit-test";
		};
		745E36601DF65DDC00C02491 /* ReciplyUITests */ = {
			isa = PBXNativeTarget;
			buildConfigurationList = 745E36701DF65DDC00C02491 /* Build configuration list for PBXNativeTarget "ReciplyUITests" */;
			buildPhases = (
				745E365D1DF65DDC00C02491 /* Sources */,
				745E365E1DF65DDC00C02491 /* Frameworks */,
				745E365F1DF65DDC00C02491 /* Resources */,
			);
			buildRules = (
			);
			dependencies = (
				745E36631DF65DDC00C02491 /* PBXTargetDependency */,
			);
			name = ReciplyUITests;
			productName = ReciplyUITests;
			productReference = 745E36611DF65DDC00C02491 /* ReciplyUITests.xctest */;
			productType = "com.apple.product-type.bundle.ui-testing";
		};
/* End PBXNativeTarget section */

/* Begin PBXProject section */
		745E36381DF65DDB00C02491 /* Project object */ = {
			isa = PBXProject;
			attributes = {
				LastSwiftUpdateCheck = 0810;
				LastUpgradeCheck = 0810;
				ORGANIZATIONNAME = "Hope Ludwinski";
				TargetAttributes = {
					745E363F1DF65DDB00C02491 = {
						CreatedOnToolsVersion = 8.1;
						DevelopmentTeam = 56T75KB28G;
						ProvisioningStyle = Automatic;
					};
					745E36551DF65DDC00C02491 = {
						CreatedOnToolsVersion = 8.1;
						DevelopmentTeam = 56T75KB28G;
						ProvisioningStyle = Automatic;
						TestTargetID = 745E363F1DF65DDB00C02491;
					};
					745E36601DF65DDC00C02491 = {
						CreatedOnToolsVersion = 8.1;
						DevelopmentTeam = 56T75KB28G;
						ProvisioningStyle = Automatic;
						TestTargetID = 745E363F1DF65DDB00C02491;
					};
				};
			};
			buildConfigurationList = 745E363B1DF65DDB00C02491 /* Build configuration list for PBXProject "Reciply" */;
			compatibilityVersion = "Xcode 3.2";
			developmentRegion = English;
			hasScannedForEncodings = 0;
			knownRegions = (
				en,
				Base,
			);
			mainGroup = 745E36371DF65DDB00C02491;
			productRefGroup = 745E36411DF65DDC00C02491 /* Products */;
			projectDirPath = "";
			projectRoot = "";
			targets = (
				745E363F1DF65DDB00C02491 /* Reciply */,
				745E36551DF65DDC00C02491 /* ReciplyTests */,
				745E36601DF65DDC00C02491 /* ReciplyUITests */,
			);
		};
/* End PBXProject section */

/* Begin PBXResourcesBuildPhase section */
		745E363E1DF65DDB00C02491 /* Resources */ = {
			isa = PBXResourcesBuildPhase;
			buildActionMask = 2147483647;
			files = (
				745E36501DF65DDC00C02491 /* LaunchScreen.storyboard in Resources */,
				745E364D1DF65DDC00C02491 /* Assets.xcassets in Resources */,
				745E364B1DF65DDC00C02491 /* Main.storyboard in Resources */,
			);
			runOnlyForDeploymentPostprocessing = 0;
		};
		745E36541DF65DDC00C02491 /* Resources */ = {
			isa = PBXResourcesBuildPhase;
			buildActionMask = 2147483647;
			files = (
			);
			runOnlyForDeploymentPostprocessing = 0;
		};
		745E365F1DF65DDC00C02491 /* Resources */ = {
			isa = PBXResourcesBuildPhase;
			buildActionMask = 2147483647;
			files = (
			);
			runOnlyForDeploymentPostprocessing = 0;
		};
/* End PBXResourcesBuildPhase section */

/* Begin PBXSourcesBuildPhase section */
		745E363C1DF65DDB00C02491 /* Sources */ = {
			isa = PBXSourcesBuildPhase;
			buildActionMask = 2147483647;
			files = (
				745E367A1DF6623200C02491 /* SearchViewController.swift in Sources */,
				745E36761DF6621A00C02491 /* GroceryListViewController.swift in Sources */,
				745E36781DF6622800C02491 /* LeftoversViewController.swift in Sources */,
				745E36441DF65DDC00C02491 /* AppDelegate.swift in Sources */,
				745E36741DF6620600C02491 /* RecipeViewController.swift in Sources */,
			);
			runOnlyForDeploymentPostprocessing = 0;
		};
		745E36521DF65DDC00C02491 /* Sources */ = {
			isa = PBXSourcesBuildPhase;
			buildActionMask = 2147483647;
			files = (
				745E365B1DF65DDC00C02491 /* ReciplyTests.swift in Sources */,
			);
			runOnlyForDeploymentPostprocessing = 0;
		};
		745E365D1DF65DDC00C02491 /* Sources */ = {
			isa = PBXSourcesBuildPhase;
			buildActionMask = 2147483647;
			files = (
				745E36661DF65DDC00C02491 /* ReciplyUITests.swift in Sources */,
			);
			runOnlyForDeploymentPostprocessing = 0;
		};
/* End PBXSourcesBuildPhase section */

/* Begin PBXTargetDependency section */
		745E36581DF65DDC00C02491 /* PBXTargetDependency */ = {
			isa = PBXTargetDependency;
			target = 745E363F1DF65DDB00C02491 /* Reciply */;
			targetProxy = 745E36571DF65DDC00C02491 /* PBXContainerItemProxy */;
		};
		745E36631DF65DDC00C02491 /* PBXTargetDependency */ = {
			isa = PBXTargetDependency;
			target = 745E363F1DF65DDB00C02491 /* Reciply */;
			targetProxy = 745E36621DF65DDC00C02491 /* PBXContainerItemProxy */;
		};
/* End PBXTargetDependency section */

/* Begin PBXVariantGroup section */
		745E36491DF65DDC00C02491 /* Main.storyboard */ = {
			isa = PBXVariantGroup;
			children = (
				745E364A1DF65DDC00C02491 /* Base */,
			);
			name = Main.storyboard;
			sourceTree = "<group>";
		};
		745E364E1DF65DDC00C02491 /* LaunchScreen.storyboard */ = {
			isa = PBXVariantGroup;
			children = (
				745E364F1DF65DDC00C02491 /* Base */,
			);
			name = LaunchScreen.storyboard;
			sourceTree = "<group>";
		};
/* End PBXVariantGroup section */

/* Begin XCBuildConfiguration section */
		745E36681DF65DDC00C02491 /* Debug */ = {
			isa = XCBuildConfiguration;
			buildSettings = {
				ALWAYS_SEARCH_USER_PATHS = NO;
				CLANG_ANALYZER_NONNULL = YES;
				CLANG_CXX_LANGUAGE_STANDARD = "gnu++0x";
				CLANG_CXX_LIBRARY = "libc++";
				CLANG_ENABLE_MODULES = YES;
				CLANG_ENABLE_OBJC_ARC = YES;
				CLANG_WARN_BOOL_CONVERSION = YES;
				CLANG_WARN_CONSTANT_CONVERSION = YES;
				CLANG_WARN_DIRECT_OBJC_ISA_USAGE = YES_ERROR;
				CLANG_WARN_DOCUMENTATION_COMMENTS = YES;
				CLANG_WARN_EMPTY_BODY = YES;
				CLANG_WARN_ENUM_CONVERSION = YES;
				CLANG_WARN_INFINITE_RECURSION = YES;
				CLANG_WARN_INT_CONVERSION = YES;
				CLANG_WARN_OBJC_ROOT_CLASS = YES_ERROR;
				CLANG_WARN_SUSPICIOUS_MOVES = YES;
				CLANG_WARN_UNREACHABLE_CODE = YES;
				CLANG_WARN__DUPLICATE_METHOD_MATCH = YES;
				"CODE_SIGN_IDENTITY[sdk=iphoneos*]" = "iPhone Developer";
				COPY_PHASE_STRIP = NO;
				DEBUG_INFORMATION_FORMAT = dwarf;
				ENABLE_STRICT_OBJC_MSGSEND = YES;
				ENABLE_TESTABILITY = YES;
				GCC_C_LANGUAGE_STANDARD = gnu99;
				GCC_DYNAMIC_NO_PIC = NO;
				GCC_NO_COMMON_BLOCKS = YES;
				GCC_OPTIMIZATION_LEVEL = 0;
				GCC_PREPROCESSOR_DEFINITIONS = (
					"DEBUG=1",
					"$(inherited)",
				);
				GCC_WARN_64_TO_32_BIT_CONVERSION = YES;
				GCC_WARN_ABOUT_RETURN_TYPE = YES_ERROR;
				GCC_WARN_UNDECLARED_SELECTOR = YES;
				GCC_WARN_UNINITIALIZED_AUTOS = YES_AGGRESSIVE;
				GCC_WARN_UNUSED_FUNCTION = YES;
				GCC_WARN_UNUSED_VARIABLE = YES;
				IPHONEOS_DEPLOYMENT_TARGET = 10.1;
				MTL_ENABLE_DEBUG_INFO = YES;
				ONLY_ACTIVE_ARCH = YES;
				SDKROOT = iphoneos;
				SWIFT_ACTIVE_COMPILATION_CONDITIONS = DEBUG;
				SWIFT_OPTIMIZATION_LEVEL = "-Onone";
				TARGETED_DEVICE_FAMILY = "1,2";
			};
			name = Debug;
		};
		745E36691DF65DDC00C02491 /* Release */ = {
			isa = XCBuildConfiguration;
			buildSettings = {
				ALWAYS_SEARCH_USER_PATHS = NO;
				CLANG_ANALYZER_NONNULL = YES;
				CLANG_CXX_LANGUAGE_STANDARD = "gnu++0x";
				CLANG_CXX_LIBRARY = "libc++";
				CLANG_ENABLE_MODULES = YES;
				CLANG_ENABLE_OBJC_ARC = YES;
				CLANG_WARN_BOOL_CONVERSION = YES;
				CLANG_WARN_CONSTANT_CONVERSION = YES;
				CLANG_WARN_DIRECT_OBJC_ISA_USAGE = YES_ERROR;
				CLANG_WARN_DOCUMENTATION_COMMENTS = YES;
				CLANG_WARN_EMPTY_BODY = YES;
				CLANG_WARN_ENUM_CONVERSION = YES;
				CLANG_WARN_INFINITE_RECURSION = YES;
				CLANG_WARN_INT_CONVERSION = YES;
				CLANG_WARN_OBJC_ROOT_CLASS = YES_ERROR;
				CLANG_WARN_SUSPICIOUS_MOVES = YES;
				CLANG_WARN_UNREACHABLE_CODE = YES;
				CLANG_WARN__DUPLICATE_METHOD_MATCH = YES;
				"CODE_SIGN_IDENTITY[sdk=iphoneos*]" = "iPhone Developer";
				COPY_PHASE_STRIP = NO;
				DEBUG_INFORMATION_FORMAT = "dwarf-with-dsym";
				ENABLE_NS_ASSERTIONS = NO;
				ENABLE_STRICT_OBJC_MSGSEND = YES;
				GCC_C_LANGUAGE_STANDARD = gnu99;
				GCC_NO_COMMON_BLOCKS = YES;
				GCC_WARN_64_TO_32_BIT_CONVERSION = YES;
				GCC_WARN_ABOUT_RETURN_TYPE = YES_ERROR;
				GCC_WARN_UNDECLARED_SELECTOR = YES;
				GCC_WARN_UNINITIALIZED_AUTOS = YES_AGGRESSIVE;
				GCC_WARN_UNUSED_FUNCTION = YES;
				GCC_WARN_UNUSED_VARIABLE = YES;
				IPHONEOS_DEPLOYMENT_TARGET = 10.1;
				MTL_ENABLE_DEBUG_INFO = NO;
				SDKROOT = iphoneos;
				SWIFT_OPTIMIZATION_LEVEL = "-Owholemodule";
				TARGETED_DEVICE_FAMILY = "1,2";
				VALIDATE_PRODUCT = YES;
			};
			name = Release;
		};
		745E366B1DF65DDC00C02491 /* Debug */ = {
			isa = XCBuildConfiguration;
			buildSettings = {
				ASSETCATALOG_COMPILER_APPICON_NAME = AppIcon;
				DEVELOPMENT_TEAM = 56T75KB28G;
				INFOPLIST_FILE = Reciply/Info.plist;
				LD_RUNPATH_SEARCH_PATHS = "$(inherited) @executable_path/Frameworks";
				PRODUCT_BUNDLE_IDENTIFIER = hope.Reciply;
				PRODUCT_NAME = "$(TARGET_NAME)";
				SWIFT_VERSION = 3.0;
			};
			name = Debug;
		};
		745E366C1DF65DDC00C02491 /* Release */ = {
			isa = XCBuildConfiguration;
			buildSettings = {
				ASSETCATALOG_COMPILER_APPICON_NAME = AppIcon;
				DEVELOPMENT_TEAM = 56T75KB28G;
				INFOPLIST_FILE = Reciply/Info.plist;
				LD_RUNPATH_SEARCH_PATHS = "$(inherited) @executable_path/Frameworks";
				PRODUCT_BUNDLE_IDENTIFIER = hope.Reciply;
				PRODUCT_NAME = "$(TARGET_NAME)";
				SWIFT_VERSION = 3.0;
			};
			name = Release;
		};
		745E366E1DF65DDC00C02491 /* Debug */ = {
			isa = XCBuildConfiguration;
			buildSettings = {
				ALWAYS_EMBED_SWIFT_STANDARD_LIBRARIES = YES;
				BUNDLE_LOADER = "$(TEST_HOST)";
				DEVELOPMENT_TEAM = 56T75KB28G;
				INFOPLIST_FILE = ReciplyTests/Info.plist;
				LD_RUNPATH_SEARCH_PATHS = "$(inherited) @executable_path/Frameworks @loader_path/Frameworks";
				PRODUCT_BUNDLE_IDENTIFIER = hope.ReciplyTests;
				PRODUCT_NAME = "$(TARGET_NAME)";
				SWIFT_VERSION = 3.0;
				TEST_HOST = "$(BUILT_PRODUCTS_DIR)/Reciply.app/Reciply";
			};
			name = Debug;
		};
		745E366F1DF65DDC00C02491 /* Release */ = {
			isa = XCBuildConfiguration;
			buildSettings = {
				ALWAYS_EMBED_SWIFT_STANDARD_LIBRARIES = YES;
				BUNDLE_LOADER = "$(TEST_HOST)";
				DEVELOPMENT_TEAM = 56T75KB28G;
				INFOPLIST_FILE = ReciplyTests/Info.plist;
				LD_RUNPATH_SEARCH_PATHS = "$(inherited) @executable_path/Frameworks @loader_path/Frameworks";
				PRODUCT_BUNDLE_IDENTIFIER = hope.ReciplyTests;
				PRODUCT_NAME = "$(TARGET_NAME)";
				SWIFT_VERSION = 3.0;
				TEST_HOST = "$(BUILT_PRODUCTS_DIR)/Reciply.app/Reciply";
			};
			name = Release;
		};
		745E36711DF65DDC00C02491 /* Debug */ = {
			isa = XCBuildConfiguration;
			buildSettings = {
				ALWAYS_EMBED_SWIFT_STANDARD_LIBRARIES = YES;
				DEVELOPMENT_TEAM = 56T75KB28G;
				INFOPLIST_FILE = ReciplyUITests/Info.plist;
				LD_RUNPATH_SEARCH_PATHS = "$(inherited) @executable_path/Frameworks @loader_path/Frameworks";
				PRODUCT_BUNDLE_IDENTIFIER = hope.ReciplyUITests;
				PRODUCT_NAME = "$(TARGET_NAME)";
				SWIFT_VERSION = 3.0;
				TEST_TARGET_NAME = Reciply;
			};
			name = Debug;
		};
		745E36721DF65DDC00C02491 /* Release */ = {
			isa = XCBuildConfiguration;
			buildSettings = {
				ALWAYS_EMBED_SWIFT_STANDARD_LIBRARIES = YES;
				DEVELOPMENT_TEAM = 56T75KB28G;
				INFOPLIST_FILE = ReciplyUITests/Info.plist;
				LD_RUNPATH_SEARCH_PATHS = "$(inherited) @executable_path/Frameworks @loader_path/Frameworks";
				PRODUCT_BUNDLE_IDENTIFIER = hope.ReciplyUITests;
				PRODUCT_NAME = "$(TARGET_NAME)";
				SWIFT_VERSION = 3.0;
				TEST_TARGET_NAME = Reciply;
			};
			name = Release;
		};
/* End XCBuildConfiguration section */

/* Begin XCConfigurationList section */
		745E363B1DF65DDB00C02491 /* Build configuration list for PBXProject "Reciply" */ = {
			isa = XCConfigurationList;
			buildConfigurations = (
				745E36681DF65DDC00C02491 /* Debug */,
				745E36691DF65DDC00C02491 /* Release */,
			);
			defaultConfigurationIsVisible = 0;
			defaultConfigurationName = Release;
		};
		745E366A1DF65DDC00C02491 /* Build configuration list for PBXNativeTarget "Reciply" */ = {
			isa = XCConfigurationList;
			buildConfigurations = (
				745E366B1DF65DDC00C02491 /* Debug */,
				745E366C1DF65DDC00C02491 /* Release */,
			);
			defaultConfigurationIsVisible = 0;
		};
		745E366D1DF65DDC00C02491 /* Build configuration list for PBXNativeTarget "ReciplyTests" */ = {
			isa = XCConfigurationList;
			buildConfigurations = (
				745E366E1DF65DDC00C02491 /* Debug */,
				745E366F1DF65DDC00C02491 /* Release */,
			);
			defaultConfigurationIsVisible = 0;
		};
		745E36701DF65DDC00C02491 /* Build configuration list for PBXNativeTarget "ReciplyUITests" */ = {
			isa = XCConfigurationList;
			buildConfigurations = (
				745E36711DF65DDC00C02491 /* Debug */,
				745E36721DF65DDC00C02491 /* Release */,
			);
			defaultConfigurationIsVisible = 0;
		};
/* End XCConfigurationList section */
	};
	rootObject = 745E36381DF65DDB00C02491 /* Project object */;
}
